
Microsoft Visual Studio Solution File, Format Version 12.00
# Visual Studio Version 17
VisualStudioVersion = 17.11.35222.181
MinimumVisualStudioVersion = 10.0.40219.1
Project("{2150E333-8FDC-42A3-9474-1A3956D46DE8}") = "Gateway", "Gateway", "{4A1839CA-15A5-492D-B1E5-1039039A936B}"
EndProject
Project("{2150E333-8FDC-42A3-9474-1A3956D46DE8}") = "Integration", "Integration", "{7DA919E2-45E1-4DF4-8D1B-604846271238}"
EndProject
Project("{2150E333-8FDC-42A3-9474-1A3956D46DE8}") = "Services", "Services", "{EF22BCC8-7CA6-44E2-88E7-40FC632F2F23}"
EndProject
Project("{2150E333-8FDC-42A3-9474-1A3956D46DE8}") = "FrontEnd", "FrontEnd", "{EA756AEA-772E-4711-A6E2-060C738C93C3}"
EndProject
Project("{9A19103F-16F7-4668-BE54-9A1E7A4F7556}") = "OrderNow.WebApp", "WebApp\OrderNow.WebApp.csproj", "{AD5C4F4A-D80E-4D69-B3F9-3EF7408FF4F0}"
EndProject
Project("{9A19103F-16F7-4668-BE54-9A1E7A4F7556}") = "OrderNow.MessageBus", "Integration\MessageBus\OrderNow.MessageBus.csproj", "{1482BDBF-7690-45F2-B9AE-840770396D0D}"
EndProject
Project("{9A19103F-16F7-4668-BE54-9A1E7A4F7556}") = "OrderNow.Services.AuthAPI", "Services\AuthAPI\OrderNow.Services.AuthAPI.csproj", "{39F90D52-BF8D-4427-8E96-441FFAAA5300}"
EndProject
Project("{9A19103F-16F7-4668-BE54-9A1E7A4F7556}") = "OrderNow.Services.CouponAPI", "Services\CouponAPI\OrderNow.Services.CouponAPI.csproj", "{8488EF78-099A-429F-A045-F0B41471A18F}"
EndProject
Project("{9A19103F-16F7-4668-BE54-9A1E7A4F7556}") = "OrderNow.Services.EmailAPI", "Services\EmailAPI\OrderNow.Services.EmailAPI.csproj", "{CFE69528-F6FC-4EB8-A55B-F4938537CDF9}"
EndProject
Project("{9A19103F-16F7-4668-BE54-9A1E7A4F7556}") = "OrderNow.Services.OrderAPI", "Services\OrderAPI\OrderNow.Services.OrderAPI.csproj", "{BE791613-16A7-4310-A807-F28AC0588FEE}"
EndProject
Project("{9A19103F-16F7-4668-BE54-9A1E7A4F7556}") = "OrderNow.Services.ProductAPI", "Services\ProductAPI\OrderNow.Services.ProductAPI.csproj", "{A8F4F869-C1CC-4106-8FB6-7C76BB3BDC6D}"
EndProject
Project("{9A19103F-16F7-4668-BE54-9A1E7A4F7556}") = "OrderNow.Services.RewardAPI", "Services\RewardAPI\OrderNow.Services.RewardAPI.csproj", "{5897D7CD-5B33-4C5F-8B4F-DB8E62DD0A6C}"
EndProject
Project("{9A19103F-16F7-4668-BE54-9A1E7A4F7556}") = "OrderNow.Services.ShoppingCartAPI", "Services\ShoppingCartAPI\OrderNow.Services.ShoppingCartAPI.csproj", "{D97FA8BF-2319-4B16-8C94-F877A63904F9}"
EndProject
Global
	GlobalSection(SolutionConfigurationPlatforms) = preSolution
		Debug|Any CPU = Debug|Any CPU
		Release|Any CPU = Release|Any CPU
	EndGlobalSection
	GlobalSection(ProjectConfigurationPlatforms) = postSolution
		{AD5C4F4A-D80E-4D69-B3F9-3EF7408FF4F0}.Debug|Any CPU.ActiveCfg = Debug|Any CPU
		{AD5C4F4A-D80E-4D69-B3F9-3EF7408FF4F0}.Debug|Any CPU.Build.0 = Debug|Any CPU
		{AD5C4F4A-D80E-4D69-B3F9-3EF7408FF4F0}.Release|Any CPU.ActiveCfg = Release|Any CPU
		{AD5C4F4A-D80E-4D69-B3F9-3EF7408FF4F0}.Release|Any CPU.Build.0 = Release|Any CPU
		{1482BDBF-7690-45F2-B9AE-840770396D0D}.Debug|Any CPU.ActiveCfg = Debug|Any CPU
		{1482BDBF-7690-45F2-B9AE-840770396D0D}.Debug|Any CPU.Build.0 = Debug|Any CPU
		{1482BDBF-7690-45F2-B9AE-840770396D0D}.Release|Any CPU.ActiveCfg = Release|Any CPU
		{1482BDBF-7690-45F2-B9AE-840770396D0D}.Release|Any CPU.Build.0 = Release|Any CPU
		{39F90D52-BF8D-4427-8E96-441FFAAA5300}.Debug|Any CPU.ActiveCfg = Debug|Any CPU
		{39F90D52-BF8D-4427-8E96-441FFAAA5300}.Debug|Any CPU.Build.0 = Debug|Any CPU
		{39F90D52-BF8D-4427-8E96-441FFAAA5300}.Release|Any CPU.ActiveCfg = Release|Any CPU
		{39F90D52-BF8D-4427-8E96-441FFAAA5300}.Release|Any CPU.Build.0 = Release|Any CPU
		{8488EF78-099A-429F-A045-F0B41471A18F}.Debug|Any CPU.ActiveCfg = Debug|Any CPU
		{8488EF78-099A-429F-A045-F0B41471A18F}.Debug|Any CPU.Build.0 = Debug|Any CPU
		{8488EF78-099A-429F-A045-F0B41471A18F}.Release|Any CPU.ActiveCfg = Release|Any CPU
		{8488EF78-099A-429F-A045-F0B41471A18F}.Release|Any CPU.Build.0 = Release|Any CPU
		{CFE69528-F6FC-4EB8-A55B-F4938537CDF9}.Debug|Any CPU.ActiveCfg = Debug|Any CPU
		{CFE69528-F6FC-4EB8-A55B-F4938537CDF9}.Debug|Any CPU.Build.0 = Debug|Any CPU
		{CFE69528-F6FC-4EB8-A55B-F4938537CDF9}.Release|Any CPU.ActiveCfg = Release|Any CPU
		{CFE69528-F6FC-4EB8-A55B-F4938537CDF9}.Release|Any CPU.Build.0 = Release|Any CPU
		{BE791613-16A7-4310-A807-F28AC0588FEE}.Debug|Any CPU.ActiveCfg = Debug|Any CPU
		{BE791613-16A7-4310-A807-F28AC0588FEE}.Debug|Any CPU.Build.0 = Debug|Any CPU
		{BE791613-16A7-4310-A807-F28AC0588FEE}.Release|Any CPU.ActiveCfg = Release|Any CPU
		{BE791613-16A7-4310-A807-F28AC0588FEE}.Release|Any CPU.Build.0 = Release|Any CPU
		{A8F4F869-C1CC-4106-8FB6-7C76BB3BDC6D}.Debug|Any CPU.ActiveCfg = Debug|Any CPU
		{A8F4F869-C1CC-4106-8FB6-7C76BB3BDC6D}.Debug|Any CPU.Build.0 = Debug|Any CPU
		{A8F4F869-C1CC-4106-8FB6-7C76BB3BDC6D}.Release|Any CPU.ActiveCfg = Release|Any CPU
		{A8F4F869-C1CC-4106-8FB6-7C76BB3BDC6D}.Release|Any CPU.Build.0 = Release|Any CPU
		{5897D7CD-5B33-4C5F-8B4F-DB8E62DD0A6C}.Debug|Any CPU.ActiveCfg = Debug|Any CPU
		{5897D7CD-5B33-4C5F-8B4F-DB8E62DD0A6C}.Debug|Any CPU.Build.0 = Debug|Any CPU
		{5897D7CD-5B33-4C5F-8B4F-DB8E62DD0A6C}.Release|Any CPU.ActiveCfg = Release|Any CPU
		{5897D7CD-5B33-4C5F-8B4F-DB8E62DD0A6C}.Release|Any CPU.Build.0 = Release|Any CPU
		{D97FA8BF-2319-4B16-8C94-F877A63904F9}.Debug|Any CPU.ActiveCfg = Debug|Any CPU
		{D97FA8BF-2319-4B16-8C94-F877A63904F9}.Debug|Any CPU.Build.0 = Debug|Any CPU
		{D97FA8BF-2319-4B16-8C94-F877A63904F9}.Release|Any CPU.ActiveCfg = Release|Any CPU
		{D97FA8BF-2319-4B16-8C94-F877A63904F9}.Release|Any CPU.Build.0 = Release|Any CPU
	EndGlobalSection
	GlobalSection(SolutionProperties) = preSolution
		HideSolutionNode = FALSE
	EndGlobalSection
	GlobalSection(NestedProjects) = preSolution
		{AD5C4F4A-D80E-4D69-B3F9-3EF7408FF4F0} = {EA756AEA-772E-4711-A6E2-060C738C93C3}
		{1482BDBF-7690-45F2-B9AE-840770396D0D} = {7DA919E2-45E1-4DF4-8D1B-604846271238}
		{39F90D52-BF8D-4427-8E96-441FFAAA5300} = {EF22BCC8-7CA6-44E2-88E7-40FC632F2F23}
		{8488EF78-099A-429F-A045-F0B41471A18F} = {EF22BCC8-7CA6-44E2-88E7-40FC632F2F23}
		{CFE69528-F6FC-4EB8-A55B-F4938537CDF9} = {EF22BCC8-7CA6-44E2-88E7-40FC632F2F23}
		{BE791613-16A7-4310-A807-F28AC0588FEE} = {EF22BCC8-7CA6-44E2-88E7-40FC632F2F23}
		{A8F4F869-C1CC-4106-8FB6-7C76BB3BDC6D} = {EF22BCC8-7CA6-44E2-88E7-40FC632F2F23}
		{5897D7CD-5B33-4C5F-8B4F-DB8E62DD0A6C} = {EF22BCC8-7CA6-44E2-88E7-40FC632F2F23}
		{D97FA8BF-2319-4B16-8C94-F877A63904F9} = {EF22BCC8-7CA6-44E2-88E7-40FC632F2F23}
	EndGlobalSection
	GlobalSection(ExtensibilityGlobals) = postSolution
		SolutionGuid = {E85461D9-FD21-4FD2-A5A5-A9E5E5701DF2}
	EndGlobalSection
EndGlobal
